
Microsoft Visual Studio Solution File, Format Version 12.00
# Visual Studio Version 16
VisualStudioVersion = 16.0.30621.155
MinimumVisualStudioVersion = 10.0.40219.1
Project("{9A19103F-16F7-4668-BE54-9A1E7A4F7556}") = "Catalog", "Catalog.csproj", "{EA45A97E-55DD-4057-93DF-485C7B4DC55A}"
EndProject
Global
	GlobalSection(SolutionConfigurationPlatforms) = preSolution
		Debug|Any CPU = Debug|Any CPU
		Release|Any CPU = Release|Any CPU
	EndGlobalSection
	GlobalSection(ProjectConfigurationPlatforms) = postSolution
		{EA45A97E-55DD-4057-93DF-485C7B4DC55A}.Debug|Any CPU.ActiveCfg = Debug|Any CPU
		{EA45A97E-55DD-4057-93DF-485C7B4DC55A}.Debug|Any CPU.Build.0 = Debug|Any CPU
		{EA45A97E-55DD-4057-93DF-485C7B4DC55A}.Release|Any CPU.ActiveCfg = Release|Any CPU
		{EA45A97E-55DD-4057-93DF-485C7B4DC55A}.Release|Any CPU.Build.0 = Release|Any CPU
	EndGlobalSection
	GlobalSection(SolutionProperties) = preSolution
		HideSolutionNode = FALSE
	EndGlobalSection
	GlobalSection(ExtensibilityGlobals) = postSolution
		SolutionGuid = {5FFED42D-6E61-4996-B556-7ED4763C36F9}
	EndGlobalSection
EndGlobal
